// !$*UTF8*$!
{
	archiveVersion = 1;
	classes = {
	};
	objectVersion = 56;
	objects = {

/* Begin PBXBuildFile section */
		184E9DC629ECB4CB000597DF /* AppDelegate.swift in Sources */ = {isa = PBXBuildFile; fileRef = 184E9DC529ECB4CB000597DF /* AppDelegate.swift */; };
		184E9DC829ECB4CB000597DF /* SceneDelegate.swift in Sources */ = {isa = PBXBuildFile; fileRef = 184E9DC729ECB4CB000597DF /* SceneDelegate.swift */; };
		184E9DCA29ECB4CB000597DF /* ViewController.swift in Sources */ = {isa = PBXBuildFile; fileRef = 184E9DC929ECB4CB000597DF /* ViewController.swift */; };
		184E9DCD29ECB4CB000597DF /* Main.storyboard in Resources */ = {isa = PBXBuildFile; fileRef = 184E9DCB29ECB4CB000597DF /* Main.storyboard */; };
		184E9DCF29ECB4CC000597DF /* Assets.xcassets in Resources */ = {isa = PBXBuildFile; fileRef = 184E9DCE29ECB4CC000597DF /* Assets.xcassets */; };
		184E9DD229ECB4CC000597DF /* LaunchScreen.storyboard in Resources */ = {isa = PBXBuildFile; fileRef = 184E9DD029ECB4CC000597DF /* LaunchScreen.storyboard */; };
		184E9DDD29ECB4CC000597DF /* Location_AppTests.swift in Sources */ = {isa = PBXBuildFile; fileRef = 184E9DDC29ECB4CC000597DF /* Location_AppTests.swift */; };
		184E9DE729ECB4CC000597DF /* Location_AppUITests.swift in Sources */ = {isa = PBXBuildFile; fileRef = 184E9DE629ECB4CC000597DF /* Location_AppUITests.swift */; };
		184E9DE929ECB4CC000597DF /* Location_AppUITestsLaunchTests.swift in Sources */ = {isa = PBXBuildFile; fileRef = 184E9DE829ECB4CC000597DF /* Location_AppUITestsLaunchTests.swift */; };
		184E9DF629ECB8BF000597DF /* GPSViewController.swift in Sources */ = {isa = PBXBuildFile; fileRef = 184E9DF529ECB8BF000597DF /* GPSViewController.swift */; };
		184E9E3529F5F561000597DF /* WebKit.framework in Frameworks */ = {isa = PBXBuildFile; fileRef = 184E9E3429F5F561000597DF /* WebKit.framework */; };
/* End PBXBuildFile section */

/* Begin PBXContainerItemProxy section */
		184E9DD929ECB4CC000597DF /* PBXContainerItemProxy */ = {
			isa = PBXContainerItemProxy;
			containerPortal = 184E9DBA29ECB4CB000597DF /* Project object */;
			proxyType = 1;
			remoteGlobalIDString = 184E9DC129ECB4CB000597DF;
			remoteInfo = "Location App";
		};
		184E9DE329ECB4CC000597DF /* PBXContainerItemProxy */ = {
			isa = PBXContainerItemProxy;
			containerPortal = 184E9DBA29ECB4CB000597DF /* Project object */;
			proxyType = 1;
			remoteGlobalIDString = 184E9DC129ECB4CB000597DF;
			remoteInfo = "Location App";
		};
/* End PBXContainerItemProxy section */

/* Begin PBXFileReference section */
		184E9DC229ECB4CB000597DF /* Location App.app */ = {isa = PBXFileReference; explicitFileType = wrapper.application; includeInIndex = 0; path = "Location App.app"; sourceTree = BUILT_PRODUCTS_DIR; };
		184E9DC529ECB4CB000597DF /* AppDelegate.swift */ = {isa = PBXFileReference; lastKnownFileType = sourcecode.swift; path = AppDelegate.swift; sourceTree = "<group>"; };
		184E9DC729ECB4CB000597DF /* SceneDelegate.swift */ = {isa = PBXFileReference; lastKnownFileType = sourcecode.swift; path = SceneDelegate.swift; sourceTree = "<group>"; };
		184E9DC929ECB4CB000597DF /* ViewController.swift */ = {isa = PBXFileReference; lastKnownFileType = sourcecode.swift; path = ViewController.swift; sourceTree = "<group>"; };
		184E9DCC29ECB4CB000597DF /* Base */ = {isa = PBXFileReference; lastKnownFileType = file.storyboard; name = Base; path = Base.lproj/Main.storyboard; sourceTree = "<group>"; };
		184E9DCE29ECB4CC000597DF /* Assets.xcassets */ = {isa = PBXFileReference; lastKnownFileType = folder.assetcatalog; path = Assets.xcassets; sourceTree = "<group>"; };
		184E9DD129ECB4CC000597DF /* Base */ = {isa = PBXFileReference; lastKnownFileType = file.storyboard; name = Base; path = Base.lproj/LaunchScreen.storyboard; sourceTree = "<group>"; };
		184E9DD329ECB4CC000597DF /* Info.plist */ = {isa = PBXFileReference; lastKnownFileType = text.plist.xml; path = Info.plist; sourceTree = "<group>"; };
		184E9DD829ECB4CC000597DF /* Location AppTests.xctest */ = {isa = PBXFileReference; explicitFileType = wrapper.cfbundle; includeInIndex = 0; path = "Location AppTests.xctest"; sourceTree = BUILT_PRODUCTS_DIR; };
		184E9DDC29ECB4CC000597DF /* Location_AppTests.swift */ = {isa = PBXFileReference; lastKnownFileType = sourcecode.swift; path = Location_AppTests.swift; sourceTree = "<group>"; };
		184E9DE229ECB4CC000597DF /* Location AppUITests.xctest */ = {isa = PBXFileReference; explicitFileType = wrapper.cfbundle; includeInIndex = 0; path = "Location AppUITests.xctest"; sourceTree = BUILT_PRODUCTS_DIR; };
		184E9DE629ECB4CC000597DF /* Location_AppUITests.swift */ = {isa = PBXFileReference; lastKnownFileType = sourcecode.swift; path = Location_AppUITests.swift; sourceTree = "<group>"; };
		184E9DE829ECB4CC000597DF /* Location_AppUITestsLaunchTests.swift */ = {isa = PBXFileReference; lastKnownFileType = sourcecode.swift; path = Location_AppUITestsLaunchTests.swift; sourceTree = "<group>"; };
		184E9DF529ECB8BF000597DF /* GPSViewController.swift */ = {isa = PBXFileReference; lastKnownFileType = sourcecode.swift; path = GPSViewController.swift; sourceTree = "<group>"; };
		184E9E3429F5F561000597DF /* WebKit.framework */ = {isa = PBXFileReference; lastKnownFileType = wrapper.framework; name = WebKit.framework; path = System/Library/Frameworks/WebKit.framework; sourceTree = SDKROOT; };
/* End PBXFileReference section */

/* Begin PBXFrameworksBuildPhase section */
		184E9DBF29ECB4CB000597DF /* Frameworks */ = {
			isa = PBXFrameworksBuildPhase;
			buildActionMask = 2147483647;
			files = (
				184E9E3529F5F561000597DF /* WebKit.framework in Frameworks */,
			);
			runOnlyForDeploymentPostprocessing = 0;
		};
		184E9DD529ECB4CC000597DF /* Frameworks */ = {
			isa = PBXFrameworksBuildPhase;
			buildActionMask = 2147483647;
			files = (
			);
			runOnlyForDeploymentPostprocessing = 0;
		};
		184E9DDF29ECB4CC000597DF /* Frameworks */ = {
			isa = PBXFrameworksBuildPhase;
			buildActionMask = 2147483647;
			files = (
			);
			runOnlyForDeploymentPostprocessing = 0;
		};
/* End PBXFrameworksBuildPhase section */

/* Begin PBXGroup section */
		184E9DB929ECB4CB000597DF = {
			isa = PBXGroup;
			children = (
				184E9DC429ECB4CB000597DF /* Location App */,
				184E9DDB29ECB4CC000597DF /* Location AppTests */,
				184E9DE529ECB4CC000597DF /* Location AppUITests */,
				184E9DC329ECB4CB000597DF /* Products */,
				184E9E3329F5F561000597DF /* Frameworks */,
			);
			sourceTree = "<group>";
		};
		184E9DC329ECB4CB000597DF /* Products */ = {
			isa = PBXGroup;
			children = (
				184E9DC229ECB4CB000597DF /* Location App.app */,
				184E9DD829ECB4CC000597DF /* Location AppTests.xctest */,
				184E9DE229ECB4CC000597DF /* Location AppUITests.xctest */,
			);
			name = Products;
			sourceTree = "<group>";
		};
		184E9DC429ECB4CB000597DF /* Location App */ = {
			isa = PBXGroup;
			children = (
				184E9DC529ECB4CB000597DF /* AppDelegate.swift */,
				184E9DC729ECB4CB000597DF /* SceneDelegate.swift */,
				184E9DC929ECB4CB000597DF /* ViewController.swift */,
				184E9DCB29ECB4CB000597DF /* Main.storyboard */,
				184E9DF529ECB8BF000597DF /* GPSViewController.swift */,
				184E9DCE29ECB4CC000597DF /* Assets.xcassets */,
				184E9DD029ECB4CC000597DF /* LaunchScreen.storyboard */,
				184E9DD329ECB4CC000597DF /* Info.plist */,
			);
			path = "Location App";
			sourceTree = "<group>";
		};
		184E9DDB29ECB4CC000597DF /* Location AppTests */ = {
			isa = PBXGroup;
			children = (
				184E9DDC29ECB4CC000597DF /* Location_AppTests.swift */,
			);
			path = "Location AppTests";
			sourceTree = "<group>";
		};
		184E9DE529ECB4CC000597DF /* Location AppUITests */ = {
			isa = PBXGroup;
			children = (
				184E9DE629ECB4CC000597DF /* Location_AppUITests.swift */,
				184E9DE829ECB4CC000597DF /* Location_AppUITestsLaunchTests.swift */,
			);
			path = "Location AppUITests";
			sourceTree = "<group>";
		};
		184E9E3329F5F561000597DF /* Frameworks */ = {
			isa = PBXGroup;
			children = (
				184E9E3429F5F561000597DF /* WebKit.framework */,
			);
			name = Frameworks;
			sourceTree = "<group>";
		};
/* End PBXGroup section */

/* Begin PBXNativeTarget section */
		184E9DC129ECB4CB000597DF /* Location App */ = {
			isa = PBXNativeTarget;
			buildConfigurationList = 184E9DEC29ECB4CC000597DF /* Build configuration list for PBXNativeTarget "Location App" */;
			buildPhases = (
				184E9DBE29ECB4CB000597DF /* Sources */,
				184E9DBF29ECB4CB000597DF /* Frameworks */,
				184E9DC029ECB4CB000597DF /* Resources */,
			);
			buildRules = (
			);
			dependencies = (
			);
			name = "Location App";
			productName = "Location App";
			productReference = 184E9DC229ECB4CB000597DF /* Location App.app */;
			productType = "com.apple.product-type.application";
		};
		184E9DD729ECB4CC000597DF /* Location AppTests */ = {
			isa = PBXNativeTarget;
			buildConfigurationList = 184E9DEF29ECB4CC000597DF /* Build configuration list for PBXNativeTarget "Location AppTests" */;
			buildPhases = (
				184E9DD429ECB4CC000597DF /* Sources */,
				184E9DD529ECB4CC000597DF /* Frameworks */,
				184E9DD629ECB4CC000597DF /* Resources */,
			);
			buildRules = (
			);
			dependencies = (
				184E9DDA29ECB4CC000597DF /* PBXTargetDependency */,
			);
			name = "Location AppTests";
			productName = "Location AppTests";
			productReference = 184E9DD829ECB4CC000597DF /* Location AppTests.xctest */;
			productType = "com.apple.product-type.bundle.unit-test";
		};
		184E9DE129ECB4CC000597DF /* Location AppUITests */ = {
			isa = PBXNativeTarget;
			buildConfigurationList = 184E9DF229ECB4CC000597DF /* Build configuration list for PBXNativeTarget "Location AppUITests" */;
			buildPhases = (
				184E9DDE29ECB4CC000597DF /* Sources */,
				184E9DDF29ECB4CC000597DF /* Frameworks */,
				184E9DE029ECB4CC000597DF /* Resources */,
			);
			buildRules = (
			);
			dependencies = (
				184E9DE429ECB4CC000597DF /* PBXTargetDependency */,
			);
			name = "Location AppUITests";
			productName = "Location AppUITests";
			productReference = 184E9DE229ECB4CC000597DF /* Location AppUITests.xctest */;
			productType = "com.apple.product-type.bundle.ui-testing";
		};
/* End PBXNativeTarget section */

/* Begin PBXProject section */
		184E9DBA29ECB4CB000597DF /* Project object */ = {
			isa = PBXProject;
			attributes = {
				BuildIndependentTargetsInParallel = 1;
				LastSwiftUpdateCheck = 1430;
				LastUpgradeCheck = 1430;
				TargetAttributes = {
					184E9DC129ECB4CB000597DF = {
						CreatedOnToolsVersion = 14.3;
					};
					184E9DD729ECB4CC000597DF = {
						CreatedOnToolsVersion = 14.3;
						TestTargetID = 184E9DC129ECB4CB000597DF;
					};
					184E9DE129ECB4CC000597DF = {
						CreatedOnToolsVersion = 14.3;
						TestTargetID = 184E9DC129ECB4CB000597DF;
					};
				};
			};
			buildConfigurationList = 184E9DBD29ECB4CB000597DF /* Build configuration list for PBXProject "Location App" */;
			compatibilityVersion = "Xcode 14.0";
			developmentRegion = en;
			hasScannedForEncodings = 0;
			knownRegions = (
				en,
				Base,
			);
			mainGroup = 184E9DB929ECB4CB000597DF;
			productRefGroup = 184E9DC329ECB4CB000597DF /* Products */;
			projectDirPath = "";
			projectRoot = "";
			targets = (
				184E9DC129ECB4CB000597DF /* Location App */,
				184E9DD729ECB4CC000597DF /* Location AppTests */,
				184E9DE129ECB4CC000597DF /* Location AppUITests */,
			);
		};
/* End PBXProject section */

/* Begin PBXResourcesBuildPhase section */
		184E9DC029ECB4CB000597DF /* Resources */ = {
			isa = PBXResourcesBuildPhase;
			buildActionMask = 2147483647;
			files = (
				184E9DD229ECB4CC000597DF /* LaunchScreen.storyboard in Resources */,
				184E9DCF29ECB4CC000597DF /* Assets.xcassets in Resources */,
				184E9DCD29ECB4CB000597DF /* Main.storyboard in Resources */,
			);
			runOnlyForDeploymentPostprocessing = 0;
		};
		184E9DD629ECB4CC000597DF /* Resources */ = {
			isa = PBXResourcesBuildPhase;
			buildActionMask = 2147483647;
			files = (
			);
			runOnlyForDeploymentPostprocessing = 0;
		};
		184E9DE029ECB4CC000597DF /* Resources */ = {
			isa = PBXResourcesBuildPhase;
			buildActionMask = 2147483647;
			files = (
			);
			runOnlyForDeploymentPostprocessing = 0;
		};
/* End PBXResourcesBuildPhase section */

/* Begin PBXSourcesBuildPhase section */
		184E9DBE29ECB4CB000597DF /* Sources */ = {
			isa = PBXSourcesBuildPhase;
			buildActionMask = 2147483647;
			files = (
				184E9DCA29ECB4CB000597DF /* ViewController.swift in Sources */,
				184E9DC629ECB4CB000597DF /* AppDelegate.swift in Sources */,
				184E9DC829ECB4CB000597DF /* SceneDelegate.swift in Sources */,
				184E9DF629ECB8BF000597DF /* GPSViewController.swift in Sources */,
			);
			runOnlyForDeploymentPostprocessing = 0;
		};
		184E9DD429ECB4CC000597DF /* Sources */ = {
			isa = PBXSourcesBuildPhase;
			buildActionMask = 2147483647;
			files = (
				184E9DDD29ECB4CC000597DF /* Location_AppTests.swift in Sources */,
			);
			runOnlyForDeploymentPostprocessing = 0;
		};
		184E9DDE29ECB4CC000597DF /* Sources */ = {
			isa = PBXSourcesBuildPhase;
			buildActionMask = 2147483647;
			files = (
				184E9DE729ECB4CC000597DF /* Location_AppUITests.swift in Sources */,
				184E9DE929ECB4CC000597DF /* Location_AppUITestsLaunchTests.swift in Sources */,
			);
			runOnlyForDeploymentPostprocessing = 0;
		};
/* End PBXSourcesBuildPhase section */

/* Begin PBXTargetDependency section */
		184E9DDA29ECB4CC000597DF /* PBXTargetDependency */ = {
			isa = PBXTargetDependency;
			target = 184E9DC129ECB4CB000597DF /* Location App */;
			targetProxy = 184E9DD929ECB4CC000597DF /* PBXContainerItemProxy */;
		};
		184E9DE429ECB4CC000597DF /* PBXTargetDependency */ = {
			isa = PBXTargetDependency;
			target = 184E9DC129ECB4CB000597DF /* Location App */;
			targetProxy = 184E9DE329ECB4CC000597DF /* PBXContainerItemProxy */;
		};
/* End PBXTargetDependency section */

/* Begin PBXVariantGroup section */
		184E9DCB29ECB4CB000597DF /* Main.storyboard */ = {
			isa = PBXVariantGroup;
			children = (
				184E9DCC29ECB4CB000597DF /* Base */,
			);
			name = Main.storyboard;
			sourceTree = "<group>";
		};
		184E9DD029ECB4CC000597DF /* LaunchScreen.storyboard */ = {
			isa = PBXVariantGroup;
			children = (
				184E9DD129ECB4CC000597DF /* Base */,
			);
			name = LaunchScreen.storyboard;
			sourceTree = "<group>";
		};
/* End PBXVariantGroup section */

/* Begin XCBuildConfiguration section */
		184E9DEA29ECB4CC000597DF /* Debug */ = {
			isa = XCBuildConfiguration;
			buildSettings = {
				ALWAYS_SEARCH_USER_PATHS = NO;
				CLANG_ANALYZER_NONNULL = YES;
				CLANG_ANALYZER_NUMBER_OBJECT_CONVERSION = YES_AGGRESSIVE;
				CLANG_CXX_LANGUAGE_STANDARD = "gnu++20";
				CLANG_ENABLE_MODULES = YES;
				CLANG_ENABLE_OBJC_ARC = YES;
				CLANG_ENABLE_OBJC_WEAK = YES;
				CLANG_WARN_BLOCK_CAPTURE_AUTORELEASING = YES;
				CLANG_WARN_BOOL_CONVERSION = YES;
				CLANG_WARN_COMMA = YES;
				CLANG_WARN_CONSTANT_CONVERSION = YES;
				CLANG_WARN_DEPRECATED_OBJC_IMPLEMENTATIONS = YES;
				CLANG_WARN_DIRECT_OBJC_ISA_USAGE = YES_ERROR;
				CLANG_WARN_DOCUMENTATION_COMMENTS = YES;
				CLANG_WARN_EMPTY_BODY = YES;
				CLANG_WARN_ENUM_CONVERSION = YES;
				CLANG_WARN_INFINITE_RECURSION = YES;
				CLANG_WARN_INT_CONVERSION = YES;
				CLANG_WARN_NON_LITERAL_NULL_CONVERSION = YES;
				CLANG_WARN_OBJC_IMPLICIT_RETAIN_SELF = YES;
				CLANG_WARN_OBJC_LITERAL_CONVERSION = YES;
				CLANG_WARN_OBJC_ROOT_CLASS = YES_ERROR;
				CLANG_WARN_QUOTED_INCLUDE_IN_FRAMEWORK_HEADER = YES;
				CLANG_WARN_RANGE_LOOP_ANALYSIS = YES;
				CLANG_WARN_STRICT_PROTOTYPES = YES;
				CLANG_WARN_SUSPICIOUS_MOVE = YES;
				CLANG_WARN_UNGUARDED_AVAILABILITY = YES_AGGRESSIVE;
				CLANG_WARN_UNREACHABLE_CODE = YES;
				CLANG_WARN__DUPLICATE_METHOD_MATCH = YES;
				COPY_PHASE_STRIP = NO;
				DEBUG_INFORMATION_FORMAT = dwarf;
				ENABLE_STRICT_OBJC_MSGSEND = YES;
				ENABLE_TESTABILITY = YES;
				GCC_C_LANGUAGE_STANDARD = gnu11;
				GCC_DYNAMIC_NO_PIC = NO;
				GCC_NO_COMMON_BLOCKS = YES;
				GCC_OPTIMIZATION_LEVEL = 0;
				GCC_PREPROCESSOR_DEFINITIONS = (
					"DEBUG=1",
					"$(inherited)",
				);
				GCC_WARN_64_TO_32_BIT_CONVERSION = YES;
				GCC_WARN_ABOUT_RETURN_TYPE = YES_ERROR;
				GCC_WARN_UNDECLARED_SELECTOR = YES;
				GCC_WARN_UNINITIALIZED_AUTOS = YES_AGGRESSIVE;
				GCC_WARN_UNUSED_FUNCTION = YES;
				GCC_WARN_UNUSED_VARIABLE = YES;
				IPHONEOS_DEPLOYMENT_TARGET = 16.4;
				MTL_ENABLE_DEBUG_INFO = INCLUDE_SOURCE;
				MTL_FAST_MATH = YES;
				ONLY_ACTIVE_ARCH = YES;
				SDKROOT = iphoneos;
				SWIFT_ACTIVE_COMPILATION_CONDITIONS = DEBUG;
				SWIFT_OPTIMIZATION_LEVEL = "-Onone";
			};
			name = Debug;
		};
		184E9DEB29ECB4CC000597DF /* Release */ = {
			isa = XCBuildConfiguration;
			buildSettings = {
				ALWAYS_SEARCH_USER_PATHS = NO;
				CLANG_ANALYZER_NONNULL = YES;
				CLANG_ANALYZER_NUMBER_OBJECT_CONVERSION = YES_AGGRESSIVE;
				CLANG_CXX_LANGUAGE_STANDARD = "gnu++20";
				CLANG_ENABLE_MODULES = YES;
				CLANG_ENABLE_OBJC_ARC = YES;
				CLANG_ENABLE_OBJC_WEAK = YES;
				CLANG_WARN_BLOCK_CAPTURE_AUTORELEASING = YES;
				CLANG_WARN_BOOL_CONVERSION = YES;
				CLANG_WARN_COMMA = YES;
				CLANG_WARN_CONSTANT_CONVERSION = YES;
				CLANG_WARN_DEPRECATED_OBJC_IMPLEMENTATIONS = YES;
				CLANG_WARN_DIRECT_OBJC_ISA_USAGE = YES_ERROR;
				CLANG_WARN_DOCUMENTATION_COMMENTS = YES;
				CLANG_WARN_EMPTY_BODY = YES;
				CLANG_WARN_ENUM_CONVERSION = YES;
				CLANG_WARN_INFINITE_RECURSION = YES;
				CLANG_WARN_INT_CONVERSION = YES;
				CLANG_WARN_NON_LITERAL_NULL_CONVERSION = YES;
				CLANG_WARN_OBJC_IMPLICIT_RETAIN_SELF = YES;
				CLANG_WARN_OBJC_LITERAL_CONVERSION = YES;
				CLANG_WARN_OBJC_ROOT_CLASS = YES_ERROR;
				CLANG_WARN_QUOTED_INCLUDE_IN_FRAMEWORK_HEADER = YES;
				CLANG_WARN_RANGE_LOOP_ANALYSIS = YES;
				CLANG_WARN_STRICT_PROTOTYPES = YES;
				CLANG_WARN_SUSPICIOUS_MOVE = YES;
				CLANG_WARN_UNGUARDED_AVAILABILITY = YES_AGGRESSIVE;
				CLANG_WARN_UNREACHABLE_CODE = YES;
				CLANG_WARN__DUPLICATE_METHOD_MATCH = YES;
				COPY_PHASE_STRIP = NO;
				DEBUG_INFORMATION_FORMAT = "dwarf-with-dsym";
				ENABLE_NS_ASSERTIONS = NO;
				ENABLE_STRICT_OBJC_MSGSEND = YES;
				GCC_C_LANGUAGE_STANDARD = gnu11;
				GCC_NO_COMMON_BLOCKS = YES;
				GCC_WARN_64_TO_32_BIT_CONVERSION = YES;
				GCC_WARN_ABOUT_RETURN_TYPE = YES_ERROR;
				GCC_WARN_UNDECLARED_SELECTOR = YES;
				GCC_WARN_UNINITIALIZED_AUTOS = YES_AGGRESSIVE;
				GCC_WARN_UNUSED_FUNCTION = YES;
				GCC_WARN_UNUSED_VARIABLE = YES;
				IPHONEOS_DEPLOYMENT_TARGET = 16.4;
				MTL_ENABLE_DEBUG_INFO = NO;
				MTL_FAST_MATH = YES;
				SDKROOT = iphoneos;
				SWIFT_COMPILATION_MODE = wholemodule;
				SWIFT_OPTIMIZATION_LEVEL = "-O";
				VALIDATE_PRODUCT = YES;
			};
			name = Release;
		};
		184E9DED29ECB4CC000597DF /* Debug */ = {
			isa = XCBuildConfiguration;
			buildSettings = {
				ASSETCATALOG_COMPILER_APPICON_NAME = AppIcon;
				ASSETCATALOG_COMPILER_GLOBAL_ACCENT_COLOR_NAME = AccentColor;
				CODE_SIGN_STYLE = Automatic;
				CURRENT_PROJECT_VERSION = 1;
				DEVELOPMENT_TEAM = MP8DM6F98N;
				GENERATE_INFOPLIST_FILE = YES;
				INFOPLIST_FILE = "Location App/Info.plist";
				INFOPLIST_KEY_UIApplicationSupportsIndirectInputEvents = YES;
				INFOPLIST_KEY_UILaunchStoryboardName = LaunchScreen;
				INFOPLIST_KEY_UIMainStoryboardFile = Main;
				INFOPLIST_KEY_UISupportedInterfaceOrientations_iPad = "UIInterfaceOrientationPortrait UIInterfaceOrientationPortraitUpsideDown UIInterfaceOrientationLandscapeLeft UIInterfaceOrientationLandscapeRight";
				INFOPLIST_KEY_UISupportedInterfaceOrientations_iPhone = "UIInterfaceOrientationPortrait UIInterfaceOrientationLandscapeLeft UIInterfaceOrientationLandscapeRight";
				LD_RUNPATH_SEARCH_PATHS = (
					"$(inherited)",
					"@executable_path/Frameworks",
				);
				MARKETING_VERSION = 1.0;
				PRODUCT_BUNDLE_IDENTIFIER = "DkairiBoone.Location-App";
				PRODUCT_NAME = "$(TARGET_NAME)";
				SWIFT_EMIT_LOC_STRINGS = YES;
				SWIFT_VERSION = 5.0;
				TARGETED_DEVICE_FAMILY = "1,2";
			};
			name = Debug;
		};
		184E9DEE29ECB4CC000597DF /* Release */ = {
			isa = XCBuildConfiguration;
			buildSettings = {
				ASSETCATALOG_COMPILER_APPICON_NAME = AppIcon;
				ASSETCATALOG_COMPILER_GLOBAL_ACCENT_COLOR_NAME = AccentColor;
				CODE_SIGN_STYLE = Automatic;
				CURRENT_PROJECT_VERSION = 1;
				DEVELOPMENT_TEAM = MP8DM6F98N;
				GENERATE_INFOPLIST_FILE = YES;
				INFOPLIST_FILE = "Location App/Info.plist";
				INFOPLIST_KEY_UIApplicationSupportsIndirectInputEvents = YES;
				INFOPLIST_KEY_UILaunchStoryboardName = LaunchScreen;
				INFOPLIST_KEY_UIMainStoryboardFile = Main;
				INFOPLIST_KEY_UISupportedInterfaceOrientations_iPad = "UIInterfaceOrientationPortrait UIInterfaceOrientationPortraitUpsideDown UIInterfaceOrientationLandscapeLeft UIInterfaceOrientationLandscapeRight";
				INFOPLIST_KEY_UISupportedInterfaceOrientations_iPhone = "UIInterfaceOrientationPortrait UIInterfaceOrientationLandscapeLeft UIInterfaceOrientationLandscapeRight";
				LD_RUNPATH_SEARCH_PATHS = (
					"$(inherited)",
					"@executable_path/Frameworks",
				);
				MARKETING_VERSION = 1.0;
				PRODUCT_BUNDLE_IDENTIFIER = "DkairiBoone.Location-App";
				PRODUCT_NAME = "$(TARGET_NAME)";
				SWIFT_EMIT_LOC_STRINGS = YES;
				SWIFT_VERSION = 5.0;
				TARGETED_DEVICE_FAMILY = "1,2";
			};
			name = Release;
		};
		184E9DF029ECB4CC000597DF /* Debug */ = {
			isa = XCBuildConfiguration;
			buildSettings = {
				ALWAYS_EMBED_SWIFT_STANDARD_LIBRARIES = YES;
				BUNDLE_LOADER = "$(TEST_HOST)";
				CODE_SIGN_STYLE = Automatic;
				CURRENT_PROJECT_VERSION = 1;
				DEVELOPMENT_TEAM = MP8DM6F98N;
				GENERATE_INFOPLIST_FILE = YES;
				IPHONEOS_DEPLOYMENT_TARGET = 16.4;
				MARKETING_VERSION = 1.0;
				PRODUCT_BUNDLE_IDENTIFIER = "DkairiBoone.Location-AppTests";
				PRODUCT_NAME = "$(TARGET_NAME)";
				SWIFT_EMIT_LOC_STRINGS = NO;
				SWIFT_VERSION = 5.0;
				TARGETED_DEVICE_FAMILY = "1,2";
				TEST_HOST = "$(BUILT_PRODUCTS_DIR)/Location App.app/$(BUNDLE_EXECUTABLE_FOLDER_PATH)/Location App";
			};
			name = Debug;
		};
		184E9DF129ECB4CC000597DF /* Release */ = {
			isa = XCBuildConfiguration;
			buildSettings = {
				ALWAYS_EMBED_SWIFT_STANDARD_LIBRARIES = YES;
				BUNDLE_LOADER = "$(TEST_HOST)";
				CODE_SIGN_STYLE = Automatic;
				CURRENT_PROJECT_VERSION = 1;
				DEVELOPMENT_TEAM = MP8DM6F98N;
				GENERATE_INFOPLIST_FILE = YES;
				IPHONEOS_DEPLOYMENT_TARGET = 16.4;
				MARKETING_VERSION = 1.0;
				PRODUCT_BUNDLE_IDENTIFIER = "DkairiBoone.Location-AppTests";
				PRODUCT_NAME = "$(TARGET_NAME)";
				SWIFT_EMIT_LOC_STRINGS = NO;
				SWIFT_VERSION = 5.0;
				TARGETED_DEVICE_FAMILY = "1,2";
				TEST_HOST = "$(BUILT_PRODUCTS_DIR)/Location App.app/$(BUNDLE_EXECUTABLE_FOLDER_PATH)/Location App";
			};
			name = Release;
		};
		184E9DF329ECB4CC000597DF /* Debug */ = {
			isa = XCBuildConfiguration;
			buildSettings = {
				ALWAYS_EMBED_SWIFT_STANDARD_LIBRARIES = YES;
				CODE_SIGN_STYLE = Automatic;
				CURRENT_PROJECT_VERSION = 1;
				DEVELOPMENT_TEAM = MP8DM6F98N;
				GENERATE_INFOPLIST_FILE = YES;
				MARKETING_VERSION = 1.0;
				PRODUCT_BUNDLE_IDENTIFIER = "DkairiBoone.Location-AppUITests";
				PRODUCT_NAME = "$(TARGET_NAME)";
				SWIFT_EMIT_LOC_STRINGS = NO;
				SWIFT_VERSION = 5.0;
				TARGETED_DEVICE_FAMILY = "1,2";
				TEST_TARGET_NAME = "Location App";
			};
			name = Debug;
		};
		184E9DF429ECB4CC000597DF /* Release */ = {
			isa = XCBuildConfiguration;
			buildSettings = {
				ALWAYS_EMBED_SWIFT_STANDARD_LIBRARIES = YES;
				CODE_SIGN_STYLE = Automatic;
				CURRENT_PROJECT_VERSION = 1;
				DEVELOPMENT_TEAM = MP8DM6F98N;
				GENERATE_INFOPLIST_FILE = YES;
				MARKETING_VERSION = 1.0;
				PRODUCT_BUNDLE_IDENTIFIER = "DkairiBoone.Location-AppUITests";
				PRODUCT_NAME = "$(TARGET_NAME)";
				SWIFT_EMIT_LOC_STRINGS = NO;
				SWIFT_VERSION = 5.0;
				TARGETED_DEVICE_FAMILY = "1,2";
				TEST_TARGET_NAME = "Location App";
			};
			name = Release;
		};
/* End XCBuildConfiguration section */

/* Begin XCConfigurationList section */
		184E9DBD29ECB4CB000597DF /* Build configuration list for PBXProject "Location App" */ = {
			isa = XCConfigurationList;
			buildConfigurations = (
				184E9DEA29ECB4CC000597DF /* Debug */,
				184E9DEB29ECB4CC000597DF /* Release */,
			);
			defaultConfigurationIsVisible = 0;
			defaultConfigurationName = Release;
		};
		184E9DEC29ECB4CC000597DF /* Build configuration list for PBXNativeTarget "Location App" */ = {
			isa = XCConfigurationList;
			buildConfigurations = (
				184E9DED29ECB4CC000597DF /* Debug */,
				184E9DEE29ECB4CC000597DF /* Release */,
			);
			defaultConfigurationIsVisible = 0;
			defaultConfigurationName = Release;
		};
		184E9DEF29ECB4CC000597DF /* Build configuration list for PBXNativeTarget "Location AppTests" */ = {
			isa = XCConfigurationList;
			buildConfigurations = (
				184E9DF029ECB4CC000597DF /* Debug */,
				184E9DF129ECB4CC000597DF /* Release */,
			);
			defaultConfigurationIsVisible = 0;
			defaultConfigurationName = Release;
		};
		184E9DF229ECB4CC000597DF /* Build configuration list for PBXNativeTarget "Location AppUITests" */ = {
			isa = XCConfigurationList;
			buildConfigurations = (
				184E9DF329ECB4CC000597DF /* Debug */,
				184E9DF429ECB4CC000597DF /* Release */,
			);
			defaultConfigurationIsVisible = 0;
			defaultConfigurationName = Release;
		};
/* End XCConfigurationList section */
	};
	rootObject = 184E9DBA29ECB4CB000597DF /* Project object */;
}
